
Microsoft Visual Studio Solution File, Format Version 12.00
# Visual Studio Version 17
VisualStudioVersion = 17.4.33110.190
MinimumVisualStudioVersion = 10.0.40219.1
Project("{9A19103F-16F7-4668-BE54-9A1E7A4F7556}") = "BeerMug.View", "BeerMug.View\BeerMug.View.csproj", "{D5859BD7-B95D-4DE0-BF72-334486990B72}"
EndProject
Project("{9A19103F-16F7-4668-BE54-9A1E7A4F7556}") = "BeerMug.Test", "BeerMug.Test\BeerMug.Test.csproj", "{AA4BC7A3-2881-430B-A383-68E9258D930F}"
EndProject
Project("{FAE04EC0-301F-11D3-BF4B-00C04F79EFBC}") = "BeerMug.StressTest", "BeerMug.StressTests\BeerMug.StressTest.csproj", "{0AF6D08A-B805-4E98-AFCF-630F8AE64B42}"
EndProject
Project("{FAE04EC0-301F-11D3-BF4B-00C04F79EFBC}") = "BeerMug.Model", "BeerMug.Models\BeerMug.Model.csproj", "{555F09B2-5774-48DC-826D-F257D48687FD}"
EndProject
Project("{FAE04EC0-301F-11D3-BF4B-00C04F79EFBC}") = "KompassConnector", "KompassConnector\KompassConnector.csproj", "{03960CEE-73D9-48C6-ABCB-5612F91E44B1}"
EndProject
Global
	GlobalSection(SolutionConfigurationPlatforms) = preSolution
		Debug|Any CPU = Debug|Any CPU
		Release|Any CPU = Release|Any CPU
	EndGlobalSection
	GlobalSection(ProjectConfigurationPlatforms) = postSolution
		{D5859BD7-B95D-4DE0-BF72-334486990B72}.Debug|Any CPU.ActiveCfg = Debug|Any CPU
		{D5859BD7-B95D-4DE0-BF72-334486990B72}.Debug|Any CPU.Build.0 = Debug|Any CPU
		{D5859BD7-B95D-4DE0-BF72-334486990B72}.Release|Any CPU.ActiveCfg = Release|Any CPU
		{D5859BD7-B95D-4DE0-BF72-334486990B72}.Release|Any CPU.Build.0 = Release|Any CPU
		{AA4BC7A3-2881-430B-A383-68E9258D930F}.Debug|Any CPU.ActiveCfg = Debug|Any CPU
		{AA4BC7A3-2881-430B-A383-68E9258D930F}.Debug|Any CPU.Build.0 = Debug|Any CPU
		{AA4BC7A3-2881-430B-A383-68E9258D930F}.Release|Any CPU.ActiveCfg = Release|Any CPU
		{AA4BC7A3-2881-430B-A383-68E9258D930F}.Release|Any CPU.Build.0 = Release|Any CPU
		{0AF6D08A-B805-4E98-AFCF-630F8AE64B42}.Debug|Any CPU.ActiveCfg = Debug|Any CPU
		{0AF6D08A-B805-4E98-AFCF-630F8AE64B42}.Debug|Any CPU.Build.0 = Debug|Any CPU
		{0AF6D08A-B805-4E98-AFCF-630F8AE64B42}.Release|Any CPU.ActiveCfg = Release|Any CPU
		{0AF6D08A-B805-4E98-AFCF-630F8AE64B42}.Release|Any CPU.Build.0 = Release|Any CPU
		{555F09B2-5774-48DC-826D-F257D48687FD}.Debug|Any CPU.ActiveCfg = Debug|Any CPU
		{555F09B2-5774-48DC-826D-F257D48687FD}.Debug|Any CPU.Build.0 = Debug|Any CPU
		{555F09B2-5774-48DC-826D-F257D48687FD}.Release|Any CPU.ActiveCfg = Release|Any CPU
		{555F09B2-5774-48DC-826D-F257D48687FD}.Release|Any CPU.Build.0 = Release|Any CPU
		{03960CEE-73D9-48C6-ABCB-5612F91E44B1}.Debug|Any CPU.ActiveCfg = Debug|Any CPU
		{03960CEE-73D9-48C6-ABCB-5612F91E44B1}.Debug|Any CPU.Build.0 = Debug|Any CPU
		{03960CEE-73D9-48C6-ABCB-5612F91E44B1}.Release|Any CPU.ActiveCfg = Release|Any CPU
		{03960CEE-73D9-48C6-ABCB-5612F91E44B1}.Release|Any CPU.Build.0 = Release|Any CPU
	EndGlobalSection
	GlobalSection(SolutionProperties) = preSolution
		HideSolutionNode = FALSE
	EndGlobalSection
	GlobalSection(ExtensibilityGlobals) = postSolution
		SolutionGuid = {6AAB66DD-23DF-4F0C-A170-4CC21F616655}
	EndGlobalSection
EndGlobal
